
Microsoft Visual Studio Solution File, Format Version 12.00
# Visual Studio Version 16
VisualStudioVersion = 16.0.30114.105
MinimumVisualStudioVersion = 10.0.40219.1
Project("{FAE04EC0-301F-11D3-BF4B-00C04F79EFBC}") = "Serilog.Enrichers.RequestUserId", "src\Serilog.Enrichers.RequestUserId.csproj", "{0B8D49DA-C6E2-42E9-AD24-CF3194D84067}"
EndProject
Project("{FAE04EC0-301F-11D3-BF4B-00C04F79EFBC}") = "Serilog.Enrichers.Tests", "tests\Serilog.Enrichers.Tests.csproj", "{05444E8A-5D07-4AB1-85C8-83A83378EC58}"
EndProject
Global
	GlobalSection(SolutionConfigurationPlatforms) = preSolution
		Debug|Any CPU = Debug|Any CPU
		Debug|x64 = Debug|x64
		Debug|x86 = Debug|x86
		Release|Any CPU = Release|Any CPU
		Release|x64 = Release|x64
		Release|x86 = Release|x86
	EndGlobalSection
	GlobalSection(SolutionProperties) = preSolution
		HideSolutionNode = FALSE
	EndGlobalSection
	GlobalSection(ProjectConfigurationPlatforms) = postSolution
		{0B8D49DA-C6E2-42E9-AD24-CF3194D84067}.Debug|Any CPU.ActiveCfg = Debug|Any CPU
		{0B8D49DA-C6E2-42E9-AD24-CF3194D84067}.Debug|Any CPU.Build.0 = Debug|Any CPU
		{0B8D49DA-C6E2-42E9-AD24-CF3194D84067}.Debug|x64.ActiveCfg = Debug|Any CPU
		{0B8D49DA-C6E2-42E9-AD24-CF3194D84067}.Debug|x64.Build.0 = Debug|Any CPU
		{0B8D49DA-C6E2-42E9-AD24-CF3194D84067}.Debug|x86.ActiveCfg = Debug|Any CPU
		{0B8D49DA-C6E2-42E9-AD24-CF3194D84067}.Debug|x86.Build.0 = Debug|Any CPU
		{0B8D49DA-C6E2-42E9-AD24-CF3194D84067}.Release|Any CPU.ActiveCfg = Release|Any CPU
		{0B8D49DA-C6E2-42E9-AD24-CF3194D84067}.Release|Any CPU.Build.0 = Release|Any CPU
		{0B8D49DA-C6E2-42E9-AD24-CF3194D84067}.Release|x64.ActiveCfg = Release|Any CPU
		{0B8D49DA-C6E2-42E9-AD24-CF3194D84067}.Release|x64.Build.0 = Release|Any CPU
		{0B8D49DA-C6E2-42E9-AD24-CF3194D84067}.Release|x86.ActiveCfg = Release|Any CPU
		{0B8D49DA-C6E2-42E9-AD24-CF3194D84067}.Release|x86.Build.0 = Release|Any CPU
		{05444E8A-5D07-4AB1-85C8-83A83378EC58}.Debug|Any CPU.ActiveCfg = Debug|Any CPU
		{05444E8A-5D07-4AB1-85C8-83A83378EC58}.Debug|Any CPU.Build.0 = Debug|Any CPU
		{05444E8A-5D07-4AB1-85C8-83A83378EC58}.Debug|x64.ActiveCfg = Debug|Any CPU
		{05444E8A-5D07-4AB1-85C8-83A83378EC58}.Debug|x64.Build.0 = Debug|Any CPU
		{05444E8A-5D07-4AB1-85C8-83A83378EC58}.Debug|x86.ActiveCfg = Debug|Any CPU
		{05444E8A-5D07-4AB1-85C8-83A83378EC58}.Debug|x86.Build.0 = Debug|Any CPU
		{05444E8A-5D07-4AB1-85C8-83A83378EC58}.Release|Any CPU.ActiveCfg = Release|Any CPU
		{05444E8A-5D07-4AB1-85C8-83A83378EC58}.Release|Any CPU.Build.0 = Release|Any CPU
		{05444E8A-5D07-4AB1-85C8-83A83378EC58}.Release|x64.ActiveCfg = Release|Any CPU
		{05444E8A-5D07-4AB1-85C8-83A83378EC58}.Release|x64.Build.0 = Release|Any CPU
		{05444E8A-5D07-4AB1-85C8-83A83378EC58}.Release|x86.ActiveCfg = Release|Any CPU
		{05444E8A-5D07-4AB1-85C8-83A83378EC58}.Release|x86.Build.0 = Release|Any CPU
	EndGlobalSection
EndGlobal
